PODS:
  - FMDB (2.7.5):
    - FMDB/standard (= 2.7.5)
  - FMDB/standard (2.7.5)
  - JSONModel (1.8.0)
  - Masonry (1.1.0)
  - SDWebImage (3.7.6):
    - SDWebImage/Core (= 3.7.6)
  - SDWebImage/Core (3.7.6)

DEPENDENCIES:
  - FMDB
  - JSONModel
  - Masonry
  - SDWebImage (~> 3.7.5)

SPEC REPOS:
  trunk:
    - FMDB
    - JSONModel
    - Masonry
    - SDWebImage

SPEC CHECKSUMS:
  FMDB: 2ce00b547f966261cd18927a3ddb07cb6f3db82a
  JSONModel: 02ab723958366a3fd27da57ea2af2113658762e9
  Masonry: 678fab65091a9290e40e2832a55e7ab731aad201
  SDWebImage: c325cf02c30337336b95beff20a13df489ec0ec9

PODFILE CHECKSUM: 751f29d5bb3c1a5ad20902d56cea975931f209dd

COCOAPODS: 1.9.3
